
Microsoft Visual Studio Solution File, Format Version 12.00
# Visual Studio Version 17
VisualStudioVersion = 17.8.34511.84
MinimumVisualStudioVersion = 10.0.40219.1
Project("{FAE04EC0-301F-11D3-BF4B-00C04F79EFBC}") = "TaskBoardApp", "TaskBoardApp\TaskBoardApp.csproj", "{BF7AA118-F14A-427E-902A-60D99BF2D409}"
EndProject
Global
	GlobalSection(SolutionConfigurationPlatforms) = preSolution
		Debug|Any CPU = Debug|Any CPU
		Release|Any CPU = Release|Any CPU
	EndGlobalSection
	GlobalSection(ProjectConfigurationPlatforms) = postSolution
		{BF7AA118-F14A-427E-902A-60D99BF2D409}.Debug|Any CPU.ActiveCfg = Debug|Any CPU
		{BF7AA118-F14A-427E-902A-60D99BF2D409}.Debug|Any CPU.Build.0 = Debug|Any CPU
		{BF7AA118-F14A-427E-902A-60D99BF2D409}.Release|Any CPU.ActiveCfg = Release|Any CPU
		{BF7AA118-F14A-427E-902A-60D99BF2D409}.Release|Any CPU.Build.0 = Release|Any CPU
	EndGlobalSection
	GlobalSection(SolutionProperties) = preSolution
		HideSolutionNode = FALSE
	EndGlobalSection
	GlobalSection(ExtensibilityGlobals) = postSolution
		SolutionGuid = {19F9DA03-7A70-42CB-B04B-64815D076D3F}
	EndGlobalSection
EndGlobal
